
Microsoft Visual Studio Solution File, Format Version 12.00
# Visual Studio 15
VisualStudioVersion = 15.0.27130.2010
MinimumVisualStudioVersion = 10.0.40219.1
Project("{FAE04EC0-301F-11D3-BF4B-00C04F79EFBC}") = "Nice game", "Nice game\Nice game.csproj", "{EA0FDA23-E7A7-4EBA-83EA-BB9AA15CFCF2}"
EndProject
Project("{FAE04EC0-301F-11D3-BF4B-00C04F79EFBC}") = "Sh.Framework", "C:\Users\Justin Tieu\Documents\GitHub\Sh.Framework\Sh.Framework\Sh.Framework.csproj", "{03A0E178-250B-4C3F-9E21-4AC94F1253A7}"
EndProject
Project("{2150E333-8FDC-42A3-9474-1A3956D46DE8}") = "Game", "Game", "{F97A4C30-CAEE-4CDB-9679-7CE5589C0A9D}"
EndProject
Project("{2150E333-8FDC-42A3-9474-1A3956D46DE8}") = "Launcher", "Launcher", "{519C1F87-E2F2-4815-B1C6-52E3B7F2D998}"
EndProject
Project("{FAE04EC0-301F-11D3-BF4B-00C04F79EFBC}") = "Launcher", "Launcher\Launcher.csproj", "{1BD50C73-8DBD-47F3-A906-30CD8F948705}"
EndProject
Global
	GlobalSection(SolutionConfigurationPlatforms) = preSolution
		Debug|Any CPU = Debug|Any CPU
		Debug|x86 = Debug|x86
		Dev|Any CPU = Dev|Any CPU
		Dev|x86 = Dev|x86
		Release|Any CPU = Release|Any CPU
		Release|x86 = Release|x86
	EndGlobalSection
	GlobalSection(ProjectConfigurationPlatforms) = postSolution
		{EA0FDA23-E7A7-4EBA-83EA-BB9AA15CFCF2}.Debug|Any CPU.ActiveCfg = Debug|x86
		{EA0FDA23-E7A7-4EBA-83EA-BB9AA15CFCF2}.Debug|Any CPU.Build.0 = Debug|x86
		{EA0FDA23-E7A7-4EBA-83EA-BB9AA15CFCF2}.Debug|x86.ActiveCfg = Debug|x86
		{EA0FDA23-E7A7-4EBA-83EA-BB9AA15CFCF2}.Debug|x86.Build.0 = Debug|x86
		{EA0FDA23-E7A7-4EBA-83EA-BB9AA15CFCF2}.Dev|Any CPU.ActiveCfg = Dev|x86
		{EA0FDA23-E7A7-4EBA-83EA-BB9AA15CFCF2}.Dev|Any CPU.Build.0 = Dev|x86
		{EA0FDA23-E7A7-4EBA-83EA-BB9AA15CFCF2}.Dev|x86.ActiveCfg = Dev|x86
		{EA0FDA23-E7A7-4EBA-83EA-BB9AA15CFCF2}.Release|Any CPU.ActiveCfg = Release|x86
		{EA0FDA23-E7A7-4EBA-83EA-BB9AA15CFCF2}.Release|x86.ActiveCfg = Release|x86
		{EA0FDA23-E7A7-4EBA-83EA-BB9AA15CFCF2}.Release|x86.Build.0 = Release|x86
		{03A0E178-250B-4C3F-9E21-4AC94F1253A7}.Debug|Any CPU.ActiveCfg = Debug|Any CPU
		{03A0E178-250B-4C3F-9E21-4AC94F1253A7}.Debug|Any CPU.Build.0 = Debug|Any CPU
		{03A0E178-250B-4C3F-9E21-4AC94F1253A7}.Debug|x86.ActiveCfg = Debug|Any CPU
		{03A0E178-250B-4C3F-9E21-4AC94F1253A7}.Debug|x86.Build.0 = Debug|Any CPU
		{03A0E178-250B-4C3F-9E21-4AC94F1253A7}.Dev|Any CPU.ActiveCfg = Dev|Any CPU
		{03A0E178-250B-4C3F-9E21-4AC94F1253A7}.Dev|Any CPU.Build.0 = Dev|Any CPU
		{03A0E178-250B-4C3F-9E21-4AC94F1253A7}.Dev|x86.ActiveCfg = Dev|Any CPU
		{03A0E178-250B-4C3F-9E21-4AC94F1253A7}.Dev|x86.Build.0 = Dev|Any CPU
		{03A0E178-250B-4C3F-9E21-4AC94F1253A7}.Release|Any CPU.ActiveCfg = Release|Any CPU
		{03A0E178-250B-4C3F-9E21-4AC94F1253A7}.Release|Any CPU.Build.0 = Release|Any CPU
		{03A0E178-250B-4C3F-9E21-4AC94F1253A7}.Release|x86.ActiveCfg = Release|Any CPU
		{03A0E178-250B-4C3F-9E21-4AC94F1253A7}.Release|x86.Build.0 = Release|Any CPU
		{1BD50C73-8DBD-47F3-A906-30CD8F948705}.Debug|Any CPU.ActiveCfg = Debug|Any CPU
		{1BD50C73-8DBD-47F3-A906-30CD8F948705}.Debug|Any CPU.Build.0 = Debug|Any CPU
		{1BD50C73-8DBD-47F3-A906-30CD8F948705}.Debug|x86.ActiveCfg = Debug|Any CPU
		{1BD50C73-8DBD-47F3-A906-30CD8F948705}.Debug|x86.Build.0 = Debug|Any CPU
		{1BD50C73-8DBD-47F3-A906-30CD8F948705}.Dev|Any CPU.ActiveCfg = Dev|Any CPU
		{1BD50C73-8DBD-47F3-A906-30CD8F948705}.Dev|Any CPU.Build.0 = Dev|Any CPU
		{1BD50C73-8DBD-47F3-A906-30CD8F948705}.Dev|x86.ActiveCfg = Dev|Any CPU
		{1BD50C73-8DBD-47F3-A906-30CD8F948705}.Dev|x86.Build.0 = Dev|Any CPU
		{1BD50C73-8DBD-47F3-A906-30CD8F948705}.Release|Any CPU.ActiveCfg = Release|Any CPU
		{1BD50C73-8DBD-47F3-A906-30CD8F948705}.Release|Any CPU.Build.0 = Release|Any CPU
		{1BD50C73-8DBD-47F3-A906-30CD8F948705}.Release|x86.ActiveCfg = Release|Any CPU
		{1BD50C73-8DBD-47F3-A906-30CD8F948705}.Release|x86.Build.0 = Release|Any CPU
	EndGlobalSection
	GlobalSection(SolutionProperties) = preSolution
		HideSolutionNode = FALSE
	EndGlobalSection
	GlobalSection(NestedProjects) = preSolution
		{EA0FDA23-E7A7-4EBA-83EA-BB9AA15CFCF2} = {F97A4C30-CAEE-4CDB-9679-7CE5589C0A9D}
		{03A0E178-250B-4C3F-9E21-4AC94F1253A7} = {F97A4C30-CAEE-4CDB-9679-7CE5589C0A9D}
		{1BD50C73-8DBD-47F3-A906-30CD8F948705} = {519C1F87-E2F2-4815-B1C6-52E3B7F2D998}
	EndGlobalSection
	GlobalSection(ExtensibilityGlobals) = postSolution
		SolutionGuid = {25F79431-C373-4D07-8EBC-A203CCCFF33D}
	EndGlobalSection
	GlobalSection(MonoDevelopProperties) = preSolution
		StartupItem = TiledSharp\TiledSharp.csproj
		Policies = $0
		$0.TextStylePolicy = $3
		$1.inheritsSet = null
		$1.scope = text/x-csharp
		$0.CSharpFormattingPolicy = $2
		$2.inheritsSet = Mono
		$2.inheritsScope = text/x-csharp
		$2.scope = text/x-csharp
		$3.NoTabsAfterNonTabs = True
		$3.EolMarker = Unix
		$3.inheritsSet = VisualStudio
		$3.inheritsScope = text/plain
		$3.scope = text/plain
	EndGlobalSection
	GlobalSection(MonoDevelopProperties) = preSolution
		StartupItem = src\NUnitFramework\tests\nunitlite.tests-2.0.csproj
		{28B605B2-E2E9-417E-8369-49E263F1F31B} = {31B45C4C-206F-4F31-9CC6-33BF11DFEE39}
		{FFF45826-991F-465B-8A03-0E1DB7E8F38C} = {31B45C4C-206F-4F31-9CC6-33BF11DFEE39}
		{11640C9F-03A3-456B-848D-9B4A126F9506} = {31B45C4C-206F-4F31-9CC6-33BF11DFEE39}
	EndGlobalSection
EndGlobal
